<Solution>
  <Project Path="EmployeeManagement.Application/EmployeeManagement.Application.csproj" Id="204944aa-8979-4b7c-8b21-ad7f84180d22" />
  <Project Path="EmployeeManagement.Domain/EmployeeManagement.Domain.csproj" />
  <Project Path="EmployeeManagement/EmployeeManagement.csproj" />
</Solution>
